# This file is automatically @generated by Cargo.
# It is not intended for manual editing.
version = 3

[[package]]
name = "Firework"
version = "0.1.0"
dependencies = [
 "fork",
 "libc",
 "nfq",
 "shmem",
]

[[package]]
name = "bitflags"
version = "0.4.0"
source = "registry+https://github.com/rust-lang/crates.io-index"
checksum = "8dead7461c1127cf637931a1e50934eb6eee8bff2f74433ac7909e9afcee04a3"

[[package]]
name = "cfg-if"
version = "0.1.10"
source = "registry+https://github.com/rust-lang/crates.io-index"
checksum = "4785bdd1c96b2a846b2bd7cc02e86b6b3dbf14e7e53446c4f54c92a361040822"

[[package]]
name = "fork"
version = "0.1.22"
source = "registry+https://github.com/rust-lang/crates.io-index"
checksum = "bf2ca97a59201425e7ee4d197c9c4fea282fe87a97d666a580bda889b95b8e88"
dependencies = [
 "libc",
]

[[package]]
name = "libc"
version = "0.2.147"
source = "registry+https://github.com/rust-lang/crates.io-index"
checksum = "b4668fb0ea861c1df094127ac5f1da3409a82116a4ba74fca2e58ef927159bb3"

[[package]]
name = "nfq"
version = "0.2.5"
source = "registry+https://github.com/rust-lang/crates.io-index"
checksum = "b9c8f4c88952507d9df9400a6a2e48640fb460e21dcb2b4716eb3ff156d6db9e"
dependencies = [
 "libc",
]

[[package]]
name = "nix"
version = "0.6.0"
source = "registry+https://github.com/rust-lang/crates.io-index"
checksum = "7a7bb1da2be7da3cbffda73fc681d509ffd9e665af478d2bee1907cee0bc64b2"
dependencies = [
 "bitflags",
 "cfg-if",
 "libc",
 "rustc_version",
 "semver",
 "void",
]

[[package]]
name = "rustc_version"
version = "0.1.7"
source = "registry+https://github.com/rust-lang/crates.io-index"
checksum = "c5f5376ea5e30ce23c03eb77cbe4962b988deead10910c372b226388b594c084"
dependencies = [
 "semver",
]

[[package]]
name = "semver"
version = "0.1.20"
source = "registry+https://github.com/rust-lang/crates.io-index"
checksum = "d4f410fedcf71af0345d7607d246e7ad15faaadd49d240ee3b24e5dc21a820ac"

[[package]]
name = "shmem"
version = "0.2.0"
source = "registry+https://github.com/rust-lang/crates.io-index"
checksum = "92187fcc34494587eb50ea9542f8146d6d893fc83d3f743a8bf00cd5998e1734"
dependencies = [
 "libc",
 "nix",
]

[[package]]
name = "void"
version = "1.0.2"
source = "registry+https://github.com/rust-lang/crates.io-index"
checksum = "6a02e4885ed3bc0f2de90ea6dd45ebcbb66dacffe03547fadbb0eeae2770887d"
